Microsoft Visual Studio Solution File, Format Version 12.00
# Visual Studio Version 17
VisualStudioVersion = 17.13.36105.23
MinimumVisualStudioVersion = 10.0.40219.1
Project("{8BC9CEB8-8B4A-11D0-8D11-00A0C91BC942}") = "dll_mpir_gc", "dll_mpir_gc\dll_mpir_gc.vcxproj", "{EF286BFC-F78C-45A4-A818-C6C4CCB96D57}"
EndProject
Project("{8BC9CEB8-8B4A-11D0-8D11-00A0C91BC942}") = "lib_mpir_gc", "lib_mpir_gc\lib_mpir_gc.vcxproj", "{4A742B65-9836-4F46-8310-728F046A31C1}"
EndProject
Project("{8BC9CEB8-8B4A-11D0-8D11-00A0C91BC942}") = "dll_mpir_core2", "dll_mpir_core2\dll_mpir_core2.vcxproj", "{935C1E48-A26F-4E73-B8EA-B163F21E833B}"
EndProject
Project("{8BC9CEB8-8B4A-11D0-8D11-00A0C91BC942}") = "lib_mpir_core2", "lib_mpir_core2\lib_mpir_core2.vcxproj", "{49DD6B75-0009-40DC-BE9E-383C565494C8}"
EndProject
Project("{8BC9CEB8-8B4A-11D0-8D11-00A0C91BC942}") = "lib_mpir_cxx", "lib_mpir_cxx\lib_mpir_cxx.vcxproj", "{D35A0A8E-F81A-4F97-828E-8CAB4B9DBFFC}"
EndProject
Project("{2150E333-8FDC-42A3-9474-1A3956D46DE8}") = "_doc", "_doc", "{02EA681E-C7D8-13C7-8484-4AC65E1B71E8}"
	ProjectSection(SolutionItems) = preProject
		..\README = ..\README
		..\README.md = ..\README.md
	EndProjectSection
EndProject
Project("{8BC9CEB8-8B4A-11D0-8D11-00A0C91BC942}") = "test_with_boost", "..\test_with_boost\test_with_boost\test_with_boost.vcxproj", "{6A1B81E4-ADF0-4F06-BE8E-D7D8A98D54A7}"
	ProjectSection(ProjectDependencies) = postProject
		{4A742B65-9836-4F46-8310-728F046A31C1} = {4A742B65-9836-4F46-8310-728F046A31C1}
	EndProjectSection
EndProject
Project("{2150E333-8FDC-42A3-9474-1A3956D46DE8}") = ".github", ".github", "{64864D5D-EC33-49C0-9D6C-C7E91F061334}"
EndProject
Project("{2150E333-8FDC-42A3-9474-1A3956D46DE8}") = "workflows", "workflows", "{22125473-17F6-4DAA-BDA3-ED84346084E9}"
	ProjectSection(SolutionItems) = preProject
		..\.github\workflows\mpir.yml = ..\.github\workflows\mpir.yml
	EndProjectSection
EndProject
Global
	GlobalSection(SolutionConfigurationPlatforms) = preSolution
		Debug|x64 = Debug|x64
		Release|x64 = Release|x64
	EndGlobalSection
	GlobalSection(ProjectConfigurationPlatforms) = postSolution
		{EF286BFC-F78C-45A4-A818-C6C4CCB96D57}.Debug|x64.ActiveCfg = Debug|x64
		{EF286BFC-F78C-45A4-A818-C6C4CCB96D57}.Release|x64.ActiveCfg = Release|x64
		{4A742B65-9836-4F46-8310-728F046A31C1}.Debug|x64.ActiveCfg = Debug|x64
		{4A742B65-9836-4F46-8310-728F046A31C1}.Debug|x64.Build.0 = Debug|x64
		{4A742B65-9836-4F46-8310-728F046A31C1}.Release|x64.ActiveCfg = Release|x64
		{4A742B65-9836-4F46-8310-728F046A31C1}.Release|x64.Build.0 = Release|x64
		{935C1E48-A26F-4E73-B8EA-B163F21E833B}.Debug|x64.ActiveCfg = Debug|x64
		{935C1E48-A26F-4E73-B8EA-B163F21E833B}.Release|x64.ActiveCfg = Release|x64
		{49DD6B75-0009-40DC-BE9E-383C565494C8}.Debug|x64.ActiveCfg = Debug|x64
		{49DD6B75-0009-40DC-BE9E-383C565494C8}.Release|x64.ActiveCfg = Release|x64
		{D35A0A8E-F81A-4F97-828E-8CAB4B9DBFFC}.Debug|x64.ActiveCfg = Debug|x64
		{D35A0A8E-F81A-4F97-828E-8CAB4B9DBFFC}.Release|x64.ActiveCfg = Release|x64
		{6A1B81E4-ADF0-4F06-BE8E-D7D8A98D54A7}.Debug|x64.ActiveCfg = Debug|x64
		{6A1B81E4-ADF0-4F06-BE8E-D7D8A98D54A7}.Debug|x64.Build.0 = Debug|x64
		{6A1B81E4-ADF0-4F06-BE8E-D7D8A98D54A7}.Release|x64.ActiveCfg = Release|x64
		{6A1B81E4-ADF0-4F06-BE8E-D7D8A98D54A7}.Release|x64.Build.0 = Release|x64
	EndGlobalSection
	GlobalSection(SolutionProperties) = preSolution
		HideSolutionNode = FALSE
	EndGlobalSection
	GlobalSection(NestedProjects) = preSolution
		{22125473-17F6-4DAA-BDA3-ED84346084E9} = {64864D5D-EC33-49C0-9D6C-C7E91F061334}
	EndGlobalSection
	GlobalSection(ExtensibilityGlobals) = postSolution
		SolutionGuid = {2012533E-BEA4-4DF1-9BA7-E281C863AE81}
	EndGlobalSection
EndGlobal
